
Microsoft Visual Studio Solution File, Format Version 12.00
# Visual Studio Version 16
VisualStudioVersion = 16.0.29409.12
MinimumVisualStudioVersion = 10.0.40219.1
Project("{FAE04EC0-301F-11D3-BF4B-00C04F79EFBC}") = "AVPZCard", "AVPZCard\AVPZCard.csproj", "{C3AACDBC-AC3A-4DB8-AEB5-B50E1F8478BC}"
EndProject
Global
	GlobalSection(SolutionConfigurationPlatforms) = preSolution
		Debug|Any CPU = Debug|Any CPU
		Release|Any CPU = Release|Any CPU
	EndGlobalSection
	GlobalSection(ProjectConfigurationPlatforms) = postSolution
		{C3AACDBC-AC3A-4DB8-AEB5-B50E1F8478BC}.Debug|Any CPU.ActiveCfg = Debug|Any CPU
		{C3AACDBC-AC3A-4DB8-AEB5-B50E1F8478BC}.Debug|Any CPU.Build.0 = Debug|Any CPU
		{C3AACDBC-AC3A-4DB8-AEB5-B50E1F8478BC}.Release|Any CPU.ActiveCfg = Release|Any CPU
		{C3AACDBC-AC3A-4DB8-AEB5-B50E1F8478BC}.Release|Any CPU.Build.0 = Release|Any CPU
	EndGlobalSection
	GlobalSection(SolutionProperties) = preSolution
		HideSolutionNode = FALSE
	EndGlobalSection
	GlobalSection(ExtensibilityGlobals) = postSolution
		SolutionGuid = {4A7EA517-BF5E-447B-B559-888DA05B3203}
	EndGlobalSection
EndGlobal
